{
  "name": "quotapulse",
  "version": "0.1.0",
  "lockfileVersion": 3,
  "requires": true,
  "packages": {
    "": {
      "name": "quotapulse",
      "version": "0.1.0",
      "license": "MIT",
      "dependencies": {
        "cellgauge": "^0.1.0"
      },
      "bin": {
        "quotapulse": "bin/quotapulse.js"
      },
      "engines": {
        "node": ">=18"
      }
    },
    "node_modules/cellgauge": {
      "version": "0.1.0",
      "resolved": "https://registry.npmjs.org/cellgauge/-/cellgauge-0.1.0.tgz",
      "integrity": "sha512-8NPj6i0Qnsx29WNTAUiCdaiigZDaInR4bLC6QKyH1nFsp+9Gnqz9XsGP0C/JUVhXI/Jo4soJXH3cLlHKeq34ug==",
      "license": "MIT",
      "bin": {
        "cellgauge": "bin/cellgauge.js"
      }
    }
  }
}
